
Microsoft Visual Studio Solution File, Format Version 12.00
# Visual Studio Version 17
VisualStudioVersion = 17.6.33829.357
MinimumVisualStudioVersion = 10.0.40219.1
Project("{FAE04EC0-301F-11D3-BF4B-00C04F79EFBC}") = "Tema2", "Tema2.csproj", "{0057F5AB-6EDD-4A6E-BF40-C28BC92B217F}"
EndProject
Global
	GlobalSection(SolutionConfigurationPlatforms) = preSolution
		Debug|Any CPU = Debug|Any CPU
		Release|Any CPU = Release|Any CPU
	EndGlobalSection
	GlobalSection(ProjectConfigurationPlatforms) = postSolution
		{0057F5AB-6EDD-4A6E-BF40-C28BC92B217F}.Debug|Any CPU.ActiveCfg = Debug|Any CPU
		{0057F5AB-6EDD-4A6E-BF40-C28BC92B217F}.Debug|Any CPU.Build.0 = Debug|Any CPU
		{0057F5AB-6EDD-4A6E-BF40-C28BC92B217F}.Release|Any CPU.ActiveCfg = Release|Any CPU
		{0057F5AB-6EDD-4A6E-BF40-C28BC92B217F}.Release|Any CPU.Build.0 = Release|Any CPU
	EndGlobalSection
	GlobalSection(SolutionProperties) = preSolution
		HideSolutionNode = FALSE
	EndGlobalSection
	GlobalSection(ExtensibilityGlobals) = postSolution
		SolutionGuid = {197357DA-1751-4456-B23C-1597E8E56C94}
	EndGlobalSection
EndGlobal
